{
  "name": "dexop-system-services-backend",
  "version": "1.0.0",
  "lockfileVersion": 1,
  "requires": true,
  "dependencies": {
    "@types/node": {
      "version": "14.17.14",
      "resolved": "https://registry.npmjs.org/@types/node/-/node-14.17.14.tgz",
      "integrity": "sha512-rsAj2u8Xkqfc332iXV12SqIsjVi07H479bOP4q94NAcjzmAvapumEhuVIt53koEf7JFrpjgNKjBga5Pnn/GL8A==",
      "dev": true
    }
  }
}
